Microsoft Visual Studio Solution File, Format Version 9.00
# Visual C++ Express 2005
Project("{8BC9CEB8-8B4A-11D0-8D11-00A0C91BC942}") = "cvisual", "cvisual.vcproj", "{6B195417-DC9C-499D-A16E-31FB23D526DF}"
	ProjectSection(ProjectDependencies) = postProject
		{0A997224-17D2-4B02-A0CC-BB63DE42D1BC} = {0A997224-17D2-4B02-A0CC-BB63DE42D1BC}
		{0A997224-17D2-4B02-A0CC-BB63DE42D1BC} = {0A997224-17D2-4B02-A0CC-BB63DE42D1BC}
		{0A997224-17D2-4B02-A0CC-BB63DE42D1BC} = {0A997224-17D2-4B02-A0CC-BB63DE42D1BC}
		{8BFC5A6E-7DA9-4629-B837-3B191A6BF5A7} = {8BFC5A6E-7DA9-4629-B837-3B191A6BF5A7}
		{2C30C2D4-314A-400F-A142-E9EEEA800631} = {2C30C2D4-314A-400F-A142-E9EEEA800631}
	EndProjectSection
EndProject
Project("{8BC9CEB8-8B4A-11D0-8D11-00A0C91BC942}") = "sigc-2.0", "libsigc++2.vcproj", "{2C30C2D4-314A-400F-A142-E9EEEA800631}"
EndProject
Project("{8BC9CEB8-8B4A-11D0-8D11-00A0C91BC942}") = "boost_thread", "boost_python.vcproj", "{0A997224-17D2-4B02-A0CC-BB63DE42D1BC}"
EndProject
Project("{8BC9CEB8-8B4A-11D0-8D11-00A0C91BC942}") = "boost_python", "boost_thread.vcproj", "{8BFC5A6E-7DA9-4629-B837-3B191A6BF5A7}"
EndProject
Global
	GlobalSection(SolutionConfigurationPlatforms) = preSolution
		Debug|Win32 = Debug|Win32
		Release|Win32 = Release|Win32
	EndGlobalSection
	GlobalSection(ProjectConfigurationPlatforms) = postSolution
		{6B195417-DC9C-499D-A16E-31FB23D526DF}.Debug|Win32.ActiveCfg = Debug|Win32
		{6B195417-DC9C-499D-A16E-31FB23D526DF}.Debug|Win32.Build.0 = Debug|Win32
		{6B195417-DC9C-499D-A16E-31FB23D526DF}.Release|Win32.ActiveCfg = Release|Win32
		{6B195417-DC9C-499D-A16E-31FB23D526DF}.Release|Win32.Build.0 = Release|Win32
		{2C30C2D4-314A-400F-A142-E9EEEA800631}.Debug|Win32.ActiveCfg = Debug|Win32
		{2C30C2D4-314A-400F-A142-E9EEEA800631}.Debug|Win32.Build.0 = Debug|Win32
		{2C30C2D4-314A-400F-A142-E9EEEA800631}.Release|Win32.ActiveCfg = Release|Win32
		{2C30C2D4-314A-400F-A142-E9EEEA800631}.Release|Win32.Build.0 = Release|Win32
		{0A997224-17D2-4B02-A0CC-BB63DE42D1BC}.Debug|Win32.ActiveCfg = Debug|Win32
		{0A997224-17D2-4B02-A0CC-BB63DE42D1BC}.Debug|Win32.Build.0 = Debug|Win32
		{0A997224-17D2-4B02-A0CC-BB63DE42D1BC}.Release|Win32.ActiveCfg = Release|Win32
		{0A997224-17D2-4B02-A0CC-BB63DE42D1BC}.Release|Win32.Build.0 = Release|Win32
		{8BFC5A6E-7DA9-4629-B837-3B191A6BF5A7}.Debug|Win32.ActiveCfg = Debug|Win32
		{8BFC5A6E-7DA9-4629-B837-3B191A6BF5A7}.Debug|Win32.Build.0 = Debug|Win32
		{8BFC5A6E-7DA9-4629-B837-3B191A6BF5A7}.Release|Win32.ActiveCfg = Release|Win32
		{8BFC5A6E-7DA9-4629-B837-3B191A6BF5A7}.Release|Win32.Build.0 = Release|Win32
	EndGlobalSection
	GlobalSection(SolutionProperties) = preSolution
		HideSolutionNode = FALSE
	EndGlobalSection
EndGlobal
